
Microsoft Visual Studio Solution File, Format Version 12.00
# Visual Studio Version 16
VisualStudioVersion = 16.0.31702.278
MinimumVisualStudioVersion = 10.0.40219.1
Project("{FAE04EC0-301F-11D3-BF4B-00C04F79EFBC}") = "Задание 01", "Задание 01\Задание 01.csproj", "{32319A4B-7B44-40A1-8191-55C434F5A646}"
EndProject
Global
	GlobalSection(SolutionConfigurationPlatforms) = preSolution
		Debug|Any CPU = Debug|Any CPU
		Release|Any CPU = Release|Any CPU
	EndGlobalSection
	GlobalSection(ProjectConfigurationPlatforms) = postSolution
		{32319A4B-7B44-40A1-8191-55C434F5A646}.Debug|Any CPU.ActiveCfg = Debug|Any CPU
		{32319A4B-7B44-40A1-8191-55C434F5A646}.Debug|Any CPU.Build.0 = Debug|Any CPU
		{32319A4B-7B44-40A1-8191-55C434F5A646}.Release|Any CPU.ActiveCfg = Release|Any CPU
		{32319A4B-7B44-40A1-8191-55C434F5A646}.Release|Any CPU.Build.0 = Release|Any CPU
	EndGlobalSection
	GlobalSection(SolutionProperties) = preSolution
		HideSolutionNode = FALSE
	EndGlobalSection
	GlobalSection(ExtensibilityGlobals) = postSolution
		SolutionGuid = {E30347D4-14A3-4733-AA98-163BE3975AFB}
	EndGlobalSection
EndGlobal
